
Microsoft Visual Studio Solution File, Format Version 12.00
# Visual Studio 15
VisualStudioVersion = 15.0.27703.2035
MinimumVisualStudioVersion = 10.0.40219.1
Project("{FAE04EC0-301F-11D3-BF4B-00C04F79EFBC}") = "Bantech", "Bantech\Bantech.csproj", "{90606CB6-FF86-4FA5-8C0B-9F8A7422B3FC}"
EndProject
Global
	GlobalSection(SolutionConfigurationPlatforms) = preSolution
		Debug|Any CPU = Debug|Any CPU
		Release|Any CPU = Release|Any CPU
	EndGlobalSection
	GlobalSection(ProjectConfigurationPlatforms) = postSolution
		{90606CB6-FF86-4FA5-8C0B-9F8A7422B3FC}.Debug|Any CPU.ActiveCfg = Debug|Any CPU
		{90606CB6-FF86-4FA5-8C0B-9F8A7422B3FC}.Debug|Any CPU.Build.0 = Debug|Any CPU
		{90606CB6-FF86-4FA5-8C0B-9F8A7422B3FC}.Release|Any CPU.ActiveCfg = Release|Any CPU
		{90606CB6-FF86-4FA5-8C0B-9F8A7422B3FC}.Release|Any CPU.Build.0 = Release|Any CPU
	EndGlobalSection
	GlobalSection(SolutionProperties) = preSolution
		HideSolutionNode = FALSE
	EndGlobalSection
	GlobalSection(ExtensibilityGlobals) = postSolution
		SolutionGuid = {03ED0FE7-009A-4034-88FA-09BE6D558769}
	EndGlobalSection
EndGlobal
